
Microsoft Visual Studio Solution File, Format Version 12.00
# Visual Studio 2013
VisualStudioVersion = 12.0.31101.0
MinimumVisualStudioVersion = 10.0.40219.1
Project("{FAE04EC0-301F-11D3-BF4B-00C04F79EFBC}") = "MiCaseCodeGeneratorResult", "MiCaseCodeGeneratorResult\MiCaseCodeGeneratorResult.csproj", "{6E2132A0-89F5-4CF4-8EB7-FC9EEA7D653D}"
EndProject
Project("{FAE04EC0-301F-11D3-BF4B-00C04F79EFBC}") = "MiCaseCodeGeneratorResultTests", "MiCaseCodeGeneratorResultTests\MiCaseCodeGeneratorResultTests.csproj", "{B9AF6288-7A30-4459-9920-2DA0E47B1A25}"
EndProject
Project("{FAE04EC0-301F-11D3-BF4B-00C04F79EFBC}") = "MiCaseCodeGeneratorWebAPI", "MiCaseCodeGeneratorWebAPI\MiCaseCodeGeneratorWebAPI.csproj", "{36F3F383-C852-4E2B-867F-F435412D33E3}"
EndProject
Global
	GlobalSection(SolutionConfigurationPlatforms) = preSolution
		Debug|Any CPU = Debug|Any CPU
		Release|Any CPU = Release|Any CPU
	EndGlobalSection
	GlobalSection(ProjectConfigurationPlatforms) = postSolution
		{6E2132A0-89F5-4CF4-8EB7-FC9EEA7D653D}.Debug|Any CPU.ActiveCfg = Debug|Any CPU
		{6E2132A0-89F5-4CF4-8EB7-FC9EEA7D653D}.Debug|Any CPU.Build.0 = Debug|Any CPU
		{6E2132A0-89F5-4CF4-8EB7-FC9EEA7D653D}.Release|Any CPU.ActiveCfg = Release|Any CPU
		{6E2132A0-89F5-4CF4-8EB7-FC9EEA7D653D}.Release|Any CPU.Build.0 = Release|Any CPU
		{B9AF6288-7A30-4459-9920-2DA0E47B1A25}.Debug|Any CPU.ActiveCfg = Debug|Any CPU
		{B9AF6288-7A30-4459-9920-2DA0E47B1A25}.Debug|Any CPU.Build.0 = Debug|Any CPU
		{B9AF6288-7A30-4459-9920-2DA0E47B1A25}.Release|Any CPU.ActiveCfg = Release|Any CPU
		{B9AF6288-7A30-4459-9920-2DA0E47B1A25}.Release|Any CPU.Build.0 = Release|Any CPU
		{36F3F383-C852-4E2B-867F-F435412D33E3}.Debug|Any CPU.ActiveCfg = Debug|Any CPU
		{36F3F383-C852-4E2B-867F-F435412D33E3}.Debug|Any CPU.Build.0 = Debug|Any CPU
		{36F3F383-C852-4E2B-867F-F435412D33E3}.Release|Any CPU.ActiveCfg = Release|Any CPU
		{36F3F383-C852-4E2B-867F-F435412D33E3}.Release|Any CPU.Build.0 = Release|Any CPU
	EndGlobalSection
	GlobalSection(SolutionProperties) = preSolution
		HideSolutionNode = FALSE
	EndGlobalSection
EndGlobal
